
Microsoft Visual Studio Solution File, Format Version 12.00
# Visual Studio Version 16
VisualStudioVersion = 16.0.31515.178
MinimumVisualStudioVersion = 10.0.40219.1
Project("{FAE04EC0-301F-11D3-BF4B-00C04F79EFBC}") = "COMP3404", "COMP3404\COMP3404.csproj", "{D749BDD2-5E9B-43FC-9F89-257BBE45B281}"
EndProject
Project("{FAE04EC0-301F-11D3-BF4B-00C04F79EFBC}") = "GUI", "GUI\GUI.csproj", "{843ED30E-CFA5-4AC2-A900-ADECB827A3D5}"
EndProject
Project("{FAE04EC0-301F-11D3-BF4B-00C04F79EFBC}") = "Server", "Server\Server.csproj", "{08E97D11-1F1F-44B0-93FD-E1549760E00E}"
EndProject
Project("{FAE04EC0-301F-11D3-BF4B-00C04F79EFBC}") = "EndToEndTesting", "EndToEndTesting\EndToEndTesting.csproj", "{9093F19B-2773-4A01-A927-9CA8C48C7249}"
EndProject
Global
	GlobalSection(SolutionConfigurationPlatforms) = preSolution
		Debug|Any CPU = Debug|Any CPU
		Release|Any CPU = Release|Any CPU
	EndGlobalSection
	GlobalSection(ProjectConfigurationPlatforms) = postSolution
		{D749BDD2-5E9B-43FC-9F89-257BBE45B281}.Debug|Any CPU.ActiveCfg = Debug|Any CPU
		{D749BDD2-5E9B-43FC-9F89-257BBE45B281}.Debug|Any CPU.Build.0 = Debug|Any CPU
		{D749BDD2-5E9B-43FC-9F89-257BBE45B281}.Release|Any CPU.ActiveCfg = Release|Any CPU
		{D749BDD2-5E9B-43FC-9F89-257BBE45B281}.Release|Any CPU.Build.0 = Release|Any CPU
		{843ED30E-CFA5-4AC2-A900-ADECB827A3D5}.Debug|Any CPU.ActiveCfg = Debug|Any CPU
		{843ED30E-CFA5-4AC2-A900-ADECB827A3D5}.Debug|Any CPU.Build.0 = Debug|Any CPU
		{843ED30E-CFA5-4AC2-A900-ADECB827A3D5}.Release|Any CPU.ActiveCfg = Release|Any CPU
		{843ED30E-CFA5-4AC2-A900-ADECB827A3D5}.Release|Any CPU.Build.0 = Release|Any CPU
		{08E97D11-1F1F-44B0-93FD-E1549760E00E}.Debug|Any CPU.ActiveCfg = Debug|Any CPU
		{08E97D11-1F1F-44B0-93FD-E1549760E00E}.Debug|Any CPU.Build.0 = Debug|Any CPU
		{08E97D11-1F1F-44B0-93FD-E1549760E00E}.Release|Any CPU.ActiveCfg = Release|Any CPU
		{08E97D11-1F1F-44B0-93FD-E1549760E00E}.Release|Any CPU.Build.0 = Release|Any CPU
		{9093F19B-2773-4A01-A927-9CA8C48C7249}.Debug|Any CPU.ActiveCfg = Debug|Any CPU
		{9093F19B-2773-4A01-A927-9CA8C48C7249}.Debug|Any CPU.Build.0 = Debug|Any CPU
		{9093F19B-2773-4A01-A927-9CA8C48C7249}.Release|Any CPU.ActiveCfg = Release|Any CPU
		{9093F19B-2773-4A01-A927-9CA8C48C7249}.Release|Any CPU.Build.0 = Release|Any CPU
	EndGlobalSection
	GlobalSection(SolutionProperties) = preSolution
		HideSolutionNode = FALSE
	EndGlobalSection
	GlobalSection(ExtensibilityGlobals) = postSolution
		SolutionGuid = {D0A7AA7A-D392-4D23-8904-5C7A863DF4B2}
	EndGlobalSection
EndGlobal
